
Microsoft Visual Studio Solution File, Format Version 12.00
# Visual Studio Version 16
VisualStudioVersion = 16.0.30114.105
MinimumVisualStudioVersion = 10.0.40219.1
Project("{8BC9CEB8-8B4A-11D0-8D11-00A0C91BC942}") = "exercises_2_1", "exercises_2_1.vcxproj", "{F2FCDC0D-6E7B-4524-B10B-9FD3A4972514}"
EndProject
Global
	GlobalSection(SolutionConfigurationPlatforms) = preSolution
		Debug|x64 = Debug|x64
		Debug|x86 = Debug|x86
		Release|x64 = Release|x64
		Release|x86 = Release|x86
	EndGlobalSection
	GlobalSection(ProjectConfigurationPlatforms) = postSolution
		{F2FCDC0D-6E7B-4524-B10B-9FD3A4972514}.Debug|x64.ActiveCfg = Debug|x64
		{F2FCDC0D-6E7B-4524-B10B-9FD3A4972514}.Debug|x64.Build.0 = Debug|x64
		{F2FCDC0D-6E7B-4524-B10B-9FD3A4972514}.Debug|x86.ActiveCfg = Debug|Win32
		{F2FCDC0D-6E7B-4524-B10B-9FD3A4972514}.Debug|x86.Build.0 = Debug|Win32
		{F2FCDC0D-6E7B-4524-B10B-9FD3A4972514}.Release|x64.ActiveCfg = Release|x64
		{F2FCDC0D-6E7B-4524-B10B-9FD3A4972514}.Release|x64.Build.0 = Release|x64
		{F2FCDC0D-6E7B-4524-B10B-9FD3A4972514}.Release|x86.ActiveCfg = Release|Win32
		{F2FCDC0D-6E7B-4524-B10B-9FD3A4972514}.Release|x86.Build.0 = Release|Win32
	EndGlobalSection
	GlobalSection(SolutionProperties) = preSolution
		HideSolutionNode = FALSE
	EndGlobalSection
	GlobalSection(ExtensibilityGlobals) = postSolution
		SolutionGuid = {495D5B7D-89E5-4BD4-8FEE-D9E206DDF24A}
	EndGlobalSection
EndGlobal
